// !$*UTF8*$!
{
	archiveVersion = 1;
	classes = {
	};
	objectVersion = 60;
	objects = {

/* Begin PBXBuildFile section */
		0464635C2C88CC67002A0B98 /* MainTabBarViewController.swift in Sources */ = {isa = PBXBuildFile; fileRef = 0464635B2C88CC67002A0B98 /* MainTabBarViewController.swift */; };
		046B834B2C867DE600F97BB4 /* calendarTestApp.swift in Sources */ = {isa = PBXBuildFile; fileRef = 046B834A2C867DE600F97BB4 /* calendarTestApp.swift */; };
		046B834D2C867DE600F97BB4 /* ContentView.swift in Sources */ = {isa = PBXBuildFile; fileRef = 046B834C2C867DE600F97BB4 /* ContentView.swift */; };
		046B834F2C867DE700F97BB4 /* Assets.xcassets in Resources */ = {isa = PBXBuildFile; fileRef = 046B834E2C867DE700F97BB4 /* Assets.xcassets */; };
		046B83532C867DE700F97BB4 /* Preview Assets.xcassets in Resources */ = {isa = PBXBuildFile; fileRef = 046B83522C867DE700F97BB4 /* Preview Assets.xcassets */; };
		046B835A2C867DFB00F97BB4 /* MyFeedView.swift in Sources */ = {isa = PBXBuildFile; fileRef = 046B83592C867DFB00F97BB4 /* MyFeedView.swift */; };
		046B835C2C867E0500F97BB4 /* MyPlannersView.swift in Sources */ = {isa = PBXBuildFile; fileRef = 046B835B2C867E0500F97BB4 /* MyPlannersView.swift */; };
		046B835E2C867E1100F97BB4 /* MySchedulesView.swift in Sources */ = {isa = PBXBuildFile; fileRef = 046B835D2C867E1100F97BB4 /* MySchedulesView.swift */; };
		CBC3DD1D2C9CB949000D9C9B /* MyAccountView.swift in Sources */ = {isa = PBXBuildFile; fileRef = CBC3DD1C2C9CB942000D9C9B /* MyAccountView.swift */; };
/* End PBXBuildFile section */

/* Begin PBXFileReference section */
		0464635B2C88CC67002A0B98 /* MainTabBarViewController.swift */ = {isa = PBXFileReference; lastKnownFileType = sourcecode.swift; path = MainTabBarViewController.swift; sourceTree = "<group>"; };
		046B83472C867DE600F97BB4 /* calendarTest.app */ = {isa = PBXFileReference; explicitFileType = wrapper.application; includeInIndex = 0; path = calendarTest.app; sourceTree = BUILT_PRODUCTS_DIR; };
		046B834A2C867DE600F97BB4 /* calendarTestApp.swift */ = {isa = PBXFileReference; lastKnownFileType = sourcecode.swift; path = calendarTestApp.swift; sourceTree = "<group>"; };
		046B834C2C867DE600F97BB4 /* ContentView.swift */ = {isa = PBXFileReference; lastKnownFileType = sourcecode.swift; path = ContentView.swift; sourceTree = "<group>"; };
		046B834E2C867DE700F97BB4 /* Assets.xcassets */ = {isa = PBXFileReference; lastKnownFileType = folder.assetcatalog; path = Assets.xcassets; sourceTree = "<group>"; };
		046B83502C867DE700F97BB4 /* calendarTest.entitlements */ = {isa = PBXFileReference; lastKnownFileType = text.plist.entitlements; path = calendarTest.entitlements; sourceTree = "<group>"; };
		046B83522C867DE700F97BB4 /* Preview Assets.xcassets */ = {isa = PBXFileReference; lastKnownFileType = folder.assetcatalog; path = "Preview Assets.xcassets"; sourceTree = "<group>"; };
		046B83592C867DFB00F97BB4 /* MyFeedView.swift */ = {isa = PBXFileReference; lastKnownFileType = sourcecode.swift; path = MyFeedView.swift; sourceTree = "<group>"; };
		046B835B2C867E0500F97BB4 /* MyPlannersView.swift */ = {isa = PBXFileReference; lastKnownFileType = sourcecode.swift; path = MyPlannersView.swift; sourceTree = "<group>"; };
		046B835D2C867E1100F97BB4 /* MySchedulesView.swift */ = {isa = PBXFileReference; lastKnownFileType = sourcecode.swift; path = MySchedulesView.swift; sourceTree = "<group>"; };
		CB8D57502C9D465F0051A415 /* calendarTest.xctestplan */ = {isa = PBXFileReference; lastKnownFileType = text; path = calendarTest.xctestplan; sourceTree = SOURCE_ROOT; };
		CBC3DD1C2C9CB942000D9C9B /* MyAccountView.swift */ = {isa = PBXFileReference; lastKnownFileType = sourcecode.swift; path = MyAccountView.swift; sourceTree = "<group>"; };
/* End PBXFileReference section */

/* Begin PBXFrameworksBuildPhase section */
		046B83442C867DE600F97BB4 /* Frameworks */ = {
			isa = PBXFrameworksBuildPhase;
			buildActionMask = 2147483647;
			files = (
			);
			runOnlyForDeploymentPostprocessing = 0;
		};
/* End PBXFrameworksBuildPhase section */

/* Begin PBXGroup section */
		0464635A2C88CC05002A0B98 /* calanderviews */ = {
			isa = PBXGroup;
			children = (
				046B83592C867DFB00F97BB4 /* MyFeedView.swift */,
				046B835D2C867E1100F97BB4 /* MySchedulesView.swift */,
				046B835B2C867E0500F97BB4 /* MyPlannersView.swift */,
				CBC3DD1C2C9CB942000D9C9B /* MyAccountView.swift */,
			);
			path = calanderviews;
			sourceTree = "<group>";
		};
		046B833E2C867DE600F97BB4 = {
			isa = PBXGroup;
			children = (
				046B83492C867DE600F97BB4 /* calendarTest */,
				046B83482C867DE600F97BB4 /* Products */,
			);
			sourceTree = "<group>";
		};
		046B83482C867DE600F97BB4 /* Products */ = {
			isa = PBXGroup;
			children = (
				046B83472C867DE600F97BB4 /* calendarTest.app */,
			);
			name = Products;
			sourceTree = "<group>";
		};
		046B83492C867DE600F97BB4 /* calendarTest */ = {
			isa = PBXGroup;
			children = (
				046B834A2C867DE600F97BB4 /* calendarTestApp.swift */,
				046B834C2C867DE600F97BB4 /* ContentView.swift */,
				CB8D57502C9D465F0051A415 /* calendarTest.xctestplan */,
				0464635B2C88CC67002A0B98 /* MainTabBarViewController.swift */,
				0464635A2C88CC05002A0B98 /* calanderviews */,
				046B834E2C867DE700F97BB4 /* Assets.xcassets */,
				046B83502C867DE700F97BB4 /* calendarTest.entitlements */,
				046B83512C867DE700F97BB4 /* Preview Content */,
			);
			path = calendarTest;
			sourceTree = "<group>";
		};
		046B83512C867DE700F97BB4 /* Preview Content */ = {
			isa = PBXGroup;
			children = (
				046B83522C867DE700F97BB4 /* Preview Assets.xcassets */,
			);
			path = "Preview Content";
			sourceTree = "<group>";
		};
/* End PBXGroup section */

/* Begin PBXNativeTarget section */
		046B83462C867DE600F97BB4 /* calendarTest */ = {
			isa = PBXNativeTarget;
			buildConfigurationList = 046B83562C867DE700F97BB4 /* Build configuration list for PBXNativeTarget "calendarTest" */;
			buildPhases = (
				046B83432C867DE600F97BB4 /* Sources */,
				046B83442C867DE600F97BB4 /* Frameworks */,
				046B83452C867DE600F97BB4 /* Resources */,
			);
			buildRules = (
			);
			dependencies = (
			);
			name = calendarTest;
			productName = calendarTest;
			productReference = 046B83472C867DE600F97BB4 /* calendarTest.app */;
			productType = "com.apple.product-type.application";
		};
/* End PBXNativeTarget section */

/* Begin PBXProject section */
		046B833F2C867DE600F97BB4 /* Project object */ = {
			isa = PBXProject;
			attributes = {
				BuildIndependentTargetsInParallel = 1;
				LastSwiftUpdateCheck = 1600;
				LastUpgradeCheck = 1600;
				TargetAttributes = {
					046B83462C867DE600F97BB4 = {
						CreatedOnToolsVersion = 16.0;
					};
				};
			};
			buildConfigurationList = 046B83422C867DE600F97BB4 /* Build configuration list for PBXProject "calendarTest" */;
			compatibilityVersion = "Xcode 15.0";
			developmentRegion = en;
			hasScannedForEncodings = 0;
			knownRegions = (
				en,
				Base,
			);
			mainGroup = 046B833E2C867DE600F97BB4;
			productRefGroup = 046B83482C867DE600F97BB4 /* Products */;
			projectDirPath = "";
			projectRoot = "";
			targets = (
				046B83462C867DE600F97BB4 /* calendarTest */,
			);
		};
/* End PBXProject section */

/* Begin PBXResourcesBuildPhase section */
		046B83452C867DE600F97BB4 /* Resources */ = {
			isa = PBXResourcesBuildPhase;
			buildActionMask = 2147483647;
			files = (
				046B83532C867DE700F97BB4 /* Preview Assets.xcassets in Resources */,
				046B834F2C867DE700F97BB4 /* Assets.xcassets in Resources */,
			);
			runOnlyForDeploymentPostprocessing = 0;
		};
/* End PBXResourcesBuildPhase section */

/* Begin PBXSourcesBuildPhase section */
		046B83432C867DE600F97BB4 /* Sources */ = {
			isa = PBXSourcesBuildPhase;
			buildActionMask = 2147483647;
			files = (
				046B835E2C867E1100F97BB4 /* MySchedulesView.swift in Sources */,
				046B834D2C867DE600F97BB4 /* ContentView.swift in Sources */,
				046B834B2C867DE600F97BB4 /* calendarTestApp.swift in Sources */,
				CBC3DD1D2C9CB949000D9C9B /* MyAccountView.swift in Sources */,
				046B835A2C867DFB00F97BB4 /* MyFeedView.swift in Sources */,
				0464635C2C88CC67002A0B98 /* MainTabBarViewController.swift in Sources */,
				046B835C2C867E0500F97BB4 /* MyPlannersView.swift in Sources */,
			);
			runOnlyForDeploymentPostprocessing = 0;
		};
/* End PBXSourcesBuildPhase section */

/* Begin XCBuildConfiguration section */
		046B83542C867DE700F97BB4 /* Debug */ = {
			isa = XCBuildConfiguration;
			buildSettings = {
				ALWAYS_SEARCH_USER_PATHS = NO;
				ASSETCATALOG_COMPILER_GENERATE_SWIFT_ASSET_SYMBOL_EXTENSIONS = YES;
				CLANG_ANALYZER_NONNULL = YES;
				CLANG_ANALYZER_NUMBER_OBJECT_CONVERSION = YES_AGGRESSIVE;
				CLANG_CXX_LANGUAGE_STANDARD = "gnu++20";
				CLANG_ENABLE_MODULES = YES;
				CLANG_ENABLE_OBJC_ARC = YES;
				CLANG_ENABLE_OBJC_WEAK = YES;
				CLANG_WARN_BLOCK_CAPTURE_AUTORELEASING = YES;
				CLANG_WARN_BOOL_CONVERSION = YES;
				CLANG_WARN_COMMA = YES;
				CLANG_WARN_CONSTANT_CONVERSION = YES;
				CLANG_WARN_DEPRECATED_OBJC_IMPLEMENTATIONS = YES;
				CLANG_WARN_DIRECT_OBJC_ISA_USAGE = YES_ERROR;
				CLANG_WARN_DOCUMENTATION_COMMENTS = YES;
				CLANG_WARN_EMPTY_BODY = YES;
				CLANG_WARN_ENUM_CONVERSION = YES;
				CLANG_WARN_INFINITE_RECURSION = YES;
				CLANG_WARN_INT_CONVERSION = YES;
				CLANG_WARN_NON_LITERAL_NULL_CONVERSION = YES;
				CLANG_WARN_OBJC_IMPLICIT_RETAIN_SELF = YES;
				CLANG_WARN_OBJC_LITERAL_CONVERSION = YES;
				CLANG_WARN_OBJC_ROOT_CLASS = YES_ERROR;
				CLANG_WARN_QUOTED_INCLUDE_IN_FRAMEWORK_HEADER = YES;
				CLANG_WARN_RANGE_LOOP_ANALYSIS = YES;
				CLANG_WARN_STRICT_PROTOTYPES = YES;
				CLANG_WARN_SUSPICIOUS_MOVE = YES;
				CLANG_WARN_UNGUARDED_AVAILABILITY = YES_AGGRESSIVE;
				CLANG_WARN_UNREACHABLE_CODE = YES;
				CLANG_WARN__DUPLICATE_METHOD_MATCH = YES;
				COPY_PHASE_STRIP = NO;
				DEBUG_INFORMATION_FORMAT = dwarf;
				ENABLE_STRICT_OBJC_MSGSEND = YES;
				ENABLE_TESTABILITY = YES;
				ENABLE_USER_SCRIPT_SANDBOXING = YES;
				GCC_C_LANGUAGE_STANDARD = gnu17;
				GCC_DYNAMIC_NO_PIC = NO;
				GCC_NO_COMMON_BLOCKS = YES;
				GCC_OPTIMIZATION_LEVEL = 0;
				GCC_PREPROCESSOR_DEFINITIONS = (
					"DEBUG=1",
					"$(inherited)",
				);
				GCC_WARN_64_TO_32_BIT_CONVERSION = YES;
				GCC_WARN_ABOUT_RETURN_TYPE = YES_ERROR;
				GCC_WARN_UNDECLARED_SELECTOR = YES;
				GCC_WARN_UNINITIALIZED_AUTOS = YES_AGGRESSIVE;
				GCC_WARN_UNUSED_FUNCTION = YES;
				GCC_WARN_UNUSED_VARIABLE = YES;
				LOCALIZATION_PREFERS_STRING_CATALOGS = YES;
				MTL_ENABLE_DEBUG_INFO = INCLUDE_SOURCE;
				MTL_FAST_MATH = YES;
				ONLY_ACTIVE_ARCH = YES;
				SWIFT_ACTIVE_COMPILATION_CONDITIONS = "DEBUG $(inherited)";
				SWIFT_OPTIMIZATION_LEVEL = "-Onone";
			};
			name = Debug;
		};
		046B83552C867DE700F97BB4 /* Release */ = {
			isa = XCBuildConfiguration;
			buildSettings = {
				ALWAYS_SEARCH_USER_PATHS = NO;
				ASSETCATALOG_COMPILER_GENERATE_SWIFT_ASSET_SYMBOL_EXTENSIONS = YES;
				CLANG_ANALYZER_NONNULL = YES;
				CLANG_ANALYZER_NUMBER_OBJECT_CONVERSION = YES_AGGRESSIVE;
				CLANG_CXX_LANGUAGE_STANDARD = "gnu++20";
				CLANG_ENABLE_MODULES = YES;
				CLANG_ENABLE_OBJC_ARC = YES;
				CLANG_ENABLE_OBJC_WEAK = YES;
				CLANG_WARN_BLOCK_CAPTURE_AUTORELEASING = YES;
				CLANG_WARN_BOOL_CONVERSION = YES;
				CLANG_WARN_COMMA = YES;
				CLANG_WARN_CONSTANT_CONVERSION = YES;
				CLANG_WARN_DEPRECATED_OBJC_IMPLEMENTATIONS = YES;
				CLANG_WARN_DIRECT_OBJC_ISA_USAGE = YES_ERROR;
				CLANG_WARN_DOCUMENTATION_COMMENTS = YES;
				CLANG_WARN_EMPTY_BODY = YES;
				CLANG_WARN_ENUM_CONVERSION = YES;
				CLANG_WARN_INFINITE_RECURSION = YES;
				CLANG_WARN_INT_CONVERSION = YES;
				CLANG_WARN_NON_LITERAL_NULL_CONVERSION = YES;
				CLANG_WARN_OBJC_IMPLICIT_RETAIN_SELF = YES;
				CLANG_WARN_OBJC_LITERAL_CONVERSION = YES;
				CLANG_WARN_OBJC_ROOT_CLASS = YES_ERROR;
				CLANG_WARN_QUOTED_INCLUDE_IN_FRAMEWORK_HEADER = YES;
				CLANG_WARN_RANGE_LOOP_ANALYSIS = YES;
				CLANG_WARN_STRICT_PROTOTYPES = YES;
				CLANG_WARN_SUSPICIOUS_MOVE = YES;
				CLANG_WARN_UNGUARDED_AVAILABILITY = YES_AGGRESSIVE;
				CLANG_WARN_UNREACHABLE_CODE = YES;
				CLANG_WARN__DUPLICATE_METHOD_MATCH = YES;
				COPY_PHASE_STRIP = NO;
				DEBUG_INFORMATION_FORMAT = "dwarf-with-dsym";
				ENABLE_NS_ASSERTIONS = NO;
				ENABLE_STRICT_OBJC_MSGSEND = YES;
				ENABLE_USER_SCRIPT_SANDBOXING = YES;
				GCC_C_LANGUAGE_STANDARD = gnu17;
				GCC_NO_COMMON_BLOCKS = YES;
				GCC_WARN_64_TO_32_BIT_CONVERSION = YES;
				GCC_WARN_ABOUT_RETURN_TYPE = YES_ERROR;
				GCC_WARN_UNDECLARED_SELECTOR = YES;
				GCC_WARN_UNINITIALIZED_AUTOS = YES_AGGRESSIVE;
				GCC_WARN_UNUSED_FUNCTION = YES;
				GCC_WARN_UNUSED_VARIABLE = YES;
				LOCALIZATION_PREFERS_STRING_CATALOGS = YES;
				MTL_ENABLE_DEBUG_INFO = NO;
				MTL_FAST_MATH = YES;
				SWIFT_COMPILATION_MODE = wholemodule;
			};
			name = Release;
		};
		046B83572C867DE700F97BB4 /* Debug */ = {
			isa = XCBuildConfiguration;
			buildSettings = {
				ASSETCATALOG_COMPILER_APPICON_NAME = AppIcon;
				ASSETCATALOG_COMPILER_GLOBAL_ACCENT_COLOR_NAME = AccentColor;
				CODE_SIGN_ENTITLEMENTS = calendarTest/calendarTest.entitlements;
				CODE_SIGN_STYLE = Automatic;
				CURRENT_PROJECT_VERSION = 1;
				DEVELOPMENT_ASSET_PATHS = "\"calendarTest/Preview Content\"";
				ENABLE_PREVIEWS = YES;
				GENERATE_INFOPLIST_FILE = YES;
				"INFOPLIST_KEY_UIApplicationSceneManifest_Generation[sdk=iphoneos*]" = YES;
				"INFOPLIST_KEY_UIApplicationSceneManifest_Generation[sdk=iphonesimulator*]" = YES;
				"INFOPLIST_KEY_UIApplicationSupportsIndirectInputEvents[sdk=iphoneos*]" = YES;
				"INFOPLIST_KEY_UIApplicationSupportsIndirectInputEvents[sdk=iphonesimulator*]" = YES;
				"INFOPLIST_KEY_UILaunchScreen_Generation[sdk=iphoneos*]" = YES;
				"INFOPLIST_KEY_UILaunchScreen_Generation[sdk=iphonesimulator*]" = YES;
				"INFOPLIST_KEY_UIStatusBarStyle[sdk=iphoneos*]" = UIStatusBarStyleDefault;
				"INFOPLIST_KEY_UIStatusBarStyle[sdk=iphonesimulator*]" = UIStatusBarStyleDefault;
				INFOPLIST_KEY_UISupportedInterfaceOrientations_iPad = "UIInterfaceOrientationPortrait UIInterfaceOrientationPortraitUpsideDown UIInterfaceOrientationLandscapeLeft UIInterfaceOrientationLandscapeRight";
				INFOPLIST_KEY_UISupportedInterfaceOrientations_iPhone = "UIInterfaceOrientationPortrait UIInterfaceOrientationLandscapeLeft UIInterfaceOrientationLandscapeRight";
				IPHONEOS_DEPLOYMENT_TARGET = 18.0;
				LD_RUNPATH_SEARCH_PATHS = "@executable_path/Frameworks";
				"LD_RUNPATH_SEARCH_PATHS[sdk=macosx*]" = "@executable_path/../Frameworks";
				MACOSX_DEPLOYMENT_TARGET = 14.6;
				MARKETING_VERSION = 1.0;
				PRODUCT_BUNDLE_IDENTIFIER = com.example.calendarTest;
				PRODUCT_NAME = "$(TARGET_NAME)";
				SDKROOT = auto;
				SUPPORTED_PLATFORMS = "iphoneos iphonesimulator macosx xros xrsimulator";
				SWIFT_EMIT_LOC_STRINGS = YES;
				SWIFT_VERSION = 5.0;
				TARGETED_DEVICE_FAMILY = "1,2,7";
				XROS_DEPLOYMENT_TARGET = 2.0;
			};
			name = Debug;
		};
		046B83582C867DE700F97BB4 /* Release */ = {
			isa = XCBuildConfiguration;
			buildSettings = {
				ASSETCATALOG_COMPILER_APPICON_NAME = AppIcon;
				ASSETCATALOG_COMPILER_GLOBAL_ACCENT_COLOR_NAME = AccentColor;
				CODE_SIGN_ENTITLEMENTS = calendarTest/calendarTest.entitlements;
				CODE_SIGN_STYLE = Automatic;
				CURRENT_PROJECT_VERSION = 1;
				DEVELOPMENT_ASSET_PATHS = "\"calendarTest/Preview Content\"";
				ENABLE_PREVIEWS = YES;
				GENERATE_INFOPLIST_FILE = YES;
				"INFOPLIST_KEY_UIApplicationSceneManifest_Generation[sdk=iphoneos*]" = YES;
				"INFOPLIST_KEY_UIApplicationSceneManifest_Generation[sdk=iphonesimulator*]" = YES;
				"INFOPLIST_KEY_UIApplicationSupportsIndirectInputEvents[sdk=iphoneos*]" = YES;
				"INFOPLIST_KEY_UIApplicationSupportsIndirectInputEvents[sdk=iphonesimulator*]" = YES;
				"INFOPLIST_KEY_UILaunchScreen_Generation[sdk=iphoneos*]" = YES;
				"INFOPLIST_KEY_UILaunchScreen_Generation[sdk=iphonesimulator*]" = YES;
				"INFOPLIST_KEY_UIStatusBarStyle[sdk=iphoneos*]" = UIStatusBarStyleDefault;
				"INFOPLIST_KEY_UIStatusBarStyle[sdk=iphonesimulator*]" = UIStatusBarStyleDefault;
				INFOPLIST_KEY_UISupportedInterfaceOrientations_iPad = "UIInterfaceOrientationPortrait UIInterfaceOrientationPortraitUpsideDown UIInterfaceOrientationLandscapeLeft UIInterfaceOrientationLandscapeRight";
				INFOPLIST_KEY_UISupportedInterfaceOrientations_iPhone = "UIInterfaceOrientationPortrait UIInterfaceOrientationLandscapeLeft UIInterfaceOrientationLandscapeRight";
				IPHONEOS_DEPLOYMENT_TARGET = 18.0;
				LD_RUNPATH_SEARCH_PATHS = "@executable_path/Frameworks";
				"LD_RUNPATH_SEARCH_PATHS[sdk=macosx*]" = "@executable_path/../Frameworks";
				MACOSX_DEPLOYMENT_TARGET = 14.6;
				MARKETING_VERSION = 1.0;
				PRODUCT_BUNDLE_IDENTIFIER = com.example.calendarTest;
				PRODUCT_NAME = "$(TARGET_NAME)";
				SDKROOT = auto;
				SUPPORTED_PLATFORMS = "iphoneos iphonesimulator macosx xros xrsimulator";
				SWIFT_EMIT_LOC_STRINGS = YES;
				SWIFT_VERSION = 5.0;
				TARGETED_DEVICE_FAMILY = "1,2,7";
				XROS_DEPLOYMENT_TARGET = 2.0;
			};
			name = Release;
		};
/* End XCBuildConfiguration section */

/* Begin XCConfigurationList section */
		046B83422C867DE600F97BB4 /* Build configuration list for PBXProject "calendarTest" */ = {
			isa = XCConfigurationList;
			buildConfigurations = (
				046B83542C867DE700F97BB4 /* Debug */,
				046B83552C867DE700F97BB4 /* Release */,
			);
			defaultConfigurationIsVisible = 0;
			defaultConfigurationName = Release;
		};
		046B83562C867DE700F97BB4 /* Build configuration list for PBXNativeTarget "calendarTest" */ = {
			isa = XCConfigurationList;
			buildConfigurations = (
				046B83572C867DE700F97BB4 /* Debug */,
				046B83582C867DE700F97BB4 /* Release */,
			);
			defaultConfigurationIsVisible = 0;
			defaultConfigurationName = Release;
		};
/* End XCConfigurationList section */
	};
	rootObject = 046B833F2C867DE600F97BB4 /* Project object */;
}
